
Microsoft Visual Studio Solution File, Format Version 12.00
# Visual Studio Version 17
VisualStudioVersion = 17.2.32630.192
MinimumVisualStudioVersion = 10.0.40219.1
Project("{FAE04EC0-301F-11D3-BF4B-00C04F79EFBC}") = "WpfApp2", "WpfApp2\WpfApp2.csproj", "{D3585F43-A05B-4E0A-A80E-FB4052FECB93}"
EndProject
Global
	GlobalSection(SolutionConfigurationPlatforms) = preSolution
		Debug|Any CPU = Debug|Any CPU
		Release|Any CPU = Release|Any CPU
	EndGlobalSection
	GlobalSection(ProjectConfigurationPlatforms) = postSolution
		{D3585F43-A05B-4E0A-A80E-FB4052FECB93}.Debug|Any CPU.ActiveCfg = Debug|Any CPU
		{D3585F43-A05B-4E0A-A80E-FB4052FECB93}.Debug|Any CPU.Build.0 = Debug|Any CPU
		{D3585F43-A05B-4E0A-A80E-FB4052FECB93}.Release|Any CPU.ActiveCfg = Release|Any CPU
		{D3585F43-A05B-4E0A-A80E-FB4052FECB93}.Release|Any CPU.Build.0 = Release|Any CPU
	EndGlobalSection
	GlobalSection(SolutionProperties) = preSolution
		HideSolutionNode = FALSE
	EndGlobalSection
	GlobalSection(ExtensibilityGlobals) = postSolution
		SolutionGuid = {C07A1267-DBD4-46DC-909B-255331BFDFD3}
	EndGlobalSection
EndGlobal
